
Microsoft Visual Studio Solution File, Format Version 12.00
# Visual Studio 14
VisualStudioVersion = 14.0.25123.0
MinimumVisualStudioVersion = 10.0.40219.1
Project("{FAE04EC0-301F-11D3-BF4B-00C04F79EFBC}") = "AzureStorage", "AzureStorage\AzureStorage.csproj", "{9B82E62C-31C9-4753-84E1-B81F868F3332}"
EndProject
Project("{FAE04EC0-301F-11D3-BF4B-00C04F79EFBC}") = "AzureStorage.Manager", "AzureStorage.Manager\AzureStorage.Manager.csproj", "{30668EBD-25AA-486F-B046-BDA24D784753}"
EndProject
Global
	GlobalSection(SolutionConfigurationPlatforms) = preSolution
		Debug|Any CPU = Debug|Any CPU
		Release|Any CPU = Release|Any CPU
	EndGlobalSection
	GlobalSection(ProjectConfigurationPlatforms) = postSolution
		{9B82E62C-31C9-4753-84E1-B81F868F3332}.Debug|Any CPU.ActiveCfg = Debug|Any CPU
		{9B82E62C-31C9-4753-84E1-B81F868F3332}.Debug|Any CPU.Build.0 = Debug|Any CPU
		{9B82E62C-31C9-4753-84E1-B81F868F3332}.Release|Any CPU.ActiveCfg = Release|Any CPU
		{9B82E62C-31C9-4753-84E1-B81F868F3332}.Release|Any CPU.Build.0 = Release|Any CPU
		{30668EBD-25AA-486F-B046-BDA24D784753}.Debug|Any CPU.ActiveCfg = Debug|Any CPU
		{30668EBD-25AA-486F-B046-BDA24D784753}.Debug|Any CPU.Build.0 = Debug|Any CPU
		{30668EBD-25AA-486F-B046-BDA24D784753}.Release|Any CPU.ActiveCfg = Release|Any CPU
		{30668EBD-25AA-486F-B046-BDA24D784753}.Release|Any CPU.Build.0 = Release|Any CPU
	EndGlobalSection
	GlobalSection(SolutionProperties) = preSolution
		HideSolutionNode = FALSE
	EndGlobalSection
EndGlobal
