
Microsoft Visual Studio Solution File, Format Version 12.00
# Visual Studio 15
VisualStudioVersion = 15.0.28010.2036
MinimumVisualStudioVersion = 10.0.40219.1
Project("{FAE04EC0-301F-11D3-BF4B-00C04F79EFBC}") = "ServiceBusServer", "ConsoleApp3\ServiceBusServer.csproj", "{7B72F995-B311-49E1-AC61-D7DBF677A084}"
EndProject
Project("{FAE04EC0-301F-11D3-BF4B-00C04F79EFBC}") = "ServiceBusClient", "ServiceBusClient\ServiceBusClient.csproj", "{164AF7E3-4055-48DB-B14E-5BEE9F279541}"
EndProject
Global
	GlobalSection(SolutionConfigurationPlatforms) = preSolution
		Debug|Any CPU = Debug|Any CPU
		Release|Any CPU = Release|Any CPU
	EndGlobalSection
	GlobalSection(ProjectConfigurationPlatforms) = postSolution
		{7B72F995-B311-49E1-AC61-D7DBF677A084}.Debug|Any CPU.ActiveCfg = Debug|Any CPU
		{7B72F995-B311-49E1-AC61-D7DBF677A084}.Debug|Any CPU.Build.0 = Debug|Any CPU
		{7B72F995-B311-49E1-AC61-D7DBF677A084}.Release|Any CPU.ActiveCfg = Release|Any CPU
		{7B72F995-B311-49E1-AC61-D7DBF677A084}.Release|Any CPU.Build.0 = Release|Any CPU
		{164AF7E3-4055-48DB-B14E-5BEE9F279541}.Debug|Any CPU.ActiveCfg = Debug|Any CPU
		{164AF7E3-4055-48DB-B14E-5BEE9F279541}.Debug|Any CPU.Build.0 = Debug|Any CPU
		{164AF7E3-4055-48DB-B14E-5BEE9F279541}.Release|Any CPU.ActiveCfg = Release|Any CPU
		{164AF7E3-4055-48DB-B14E-5BEE9F279541}.Release|Any CPU.Build.0 = Release|Any CPU
	EndGlobalSection
	GlobalSection(SolutionProperties) = preSolution
		HideSolutionNode = FALSE
	EndGlobalSection
	GlobalSection(ExtensibilityGlobals) = postSolution
		SolutionGuid = {CDE705C7-D954-4A63-86DE-9A4BBFD7B0F6}
	EndGlobalSection
EndGlobal
