
Microsoft Visual Studio Solution File, Format Version 12.00
# Visual Studio 15
VisualStudioVersion = 15.0.26730.10
MinimumVisualStudioVersion = 10.0.40219.1
Project("{FAE04EC0-301F-11D3-BF4B-00C04F79EFBC}") = "Xamarin.APIFace", "Xamarin.APIFace\Xamarin.APIFace.csproj", "{94BAEF69-AE67-48C8-93A9-E03FB6C16B83}"
EndProject
Global
	GlobalSection(SolutionConfigurationPlatforms) = preSolution
		Debug|Any CPU = Debug|Any CPU
		Release|Any CPU = Release|Any CPU
	EndGlobalSection
	GlobalSection(ProjectConfigurationPlatforms) = postSolution
		{94BAEF69-AE67-48C8-93A9-E03FB6C16B83}.Debug|Any CPU.ActiveCfg = Debug|Any CPU
		{94BAEF69-AE67-48C8-93A9-E03FB6C16B83}.Debug|Any CPU.Build.0 = Debug|Any CPU
		{94BAEF69-AE67-48C8-93A9-E03FB6C16B83}.Debug|Any CPU.Deploy.0 = Debug|Any CPU
		{94BAEF69-AE67-48C8-93A9-E03FB6C16B83}.Release|Any CPU.ActiveCfg = Release|Any CPU
		{94BAEF69-AE67-48C8-93A9-E03FB6C16B83}.Release|Any CPU.Build.0 = Release|Any CPU
		{94BAEF69-AE67-48C8-93A9-E03FB6C16B83}.Release|Any CPU.Deploy.0 = Release|Any CPU
	EndGlobalSection
	GlobalSection(SolutionProperties) = preSolution
		HideSolutionNode = FALSE
	EndGlobalSection
	GlobalSection(ExtensibilityGlobals) = postSolution
		SolutionGuid = {48A24D6B-A767-41A1-83A5-3018C5B7C679}
	EndGlobalSection
EndGlobal
