
Microsoft Visual Studio Solution File, Format Version 12.00
# Visual Studio 15
VisualStudioVersion = 15.0.26430.16
MinimumVisualStudioVersion = 10.0.40219.1
Project("{D954291E-2A0B-460D-934E-DC6B0785DB48}") = "PerformanceTricks.Binding", "PerformanceTricks.Binding\PerformanceTricks.Binding\PerformanceTricks.Binding.shproj", "{94DDAB77-21AC-4F35-AEB8-405960BFA89A}"
EndProject
Project("{FAE04EC0-301F-11D3-BF4B-00C04F79EFBC}") = "PerformanceTricks.Binding.Android", "PerformanceTricks.Binding\PerformanceTricks.Binding.Android\PerformanceTricks.Binding.Android.csproj", "{293C0556-ABEF-408E-B955-7773FBB7E2E0}"
EndProject
Project("{FAE04EC0-301F-11D3-BF4B-00C04F79EFBC}") = "PerformanceTricks.Binding.UWP", "PerformanceTricks.Binding\PerformanceTricks.Binding.UWP\PerformanceTricks.Binding.UWP.csproj", "{74453DB9-A12C-40DB-87DB-F0F09F283A97}"
EndProject
Project("{2150E333-8FDC-42A3-9474-1A3956D46DE8}") = "Binding", "Binding", "{44F4030A-94DD-48F9-9474-4516FF20FB52}"
EndProject
Project("{2150E333-8FDC-42A3-9474-1A3956D46DE8}") = "List", "List", "{FFDABB38-B602-4234-A6CA-9C1A6F7A4B69}"
EndProject
Project("{D954291E-2A0B-460D-934E-DC6B0785DB48}") = "PerformanceTricks.List", "PerformanceTricks.List\PerformanceTricks.List\PerformanceTricks.List.shproj", "{EC2E13B7-0330-4BBD-9EC5-BC23DE2C1174}"
EndProject
Project("{FAE04EC0-301F-11D3-BF4B-00C04F79EFBC}") = "PerformanceTricks.List.Android", "PerformanceTricks.List\PerformanceTricks.List.Android\PerformanceTricks.List.Android.csproj", "{CB14F5DC-561D-4253-908F-53BCB00EA2C6}"
EndProject
Project("{FAE04EC0-301F-11D3-BF4B-00C04F79EFBC}") = "PerformanceTricks.List.UWP", "PerformanceTricks.List\PerformanceTricks.List.UWP\PerformanceTricks.List.UWP.csproj", "{A1EF6FFA-5761-4EB9-8217-B18B0939E508}"
EndProject
Global
	GlobalSection(SharedMSBuildProjectFiles) = preSolution
		PerformanceTricks.Binding\PerformanceTricks.Binding\PerformanceTricks.Binding.projitems*{293c0556-abef-408e-b955-7773fbb7e2e0}*SharedItemsImports = 4
		PerformanceTricks.Binding\PerformanceTricks.Binding\PerformanceTricks.Binding.projitems*{74453db9-a12c-40db-87db-f0f09f283a97}*SharedItemsImports = 4
		PerformanceTricks.Binding\PerformanceTricks.Binding\PerformanceTricks.Binding.projitems*{94ddab77-21ac-4f35-aeb8-405960bfa89a}*SharedItemsImports = 13
		PerformanceTricks.List\PerformanceTricks.List\PerformanceTricks.List.projitems*{cb14f5dc-561d-4253-908f-53bcb00ea2c6}*SharedItemsImports = 4
		PerformanceTricks.List\PerformanceTricks.List\PerformanceTricks.List.projitems*{ec2e13b7-0330-4bbd-9ec5-bc23de2c1174}*SharedItemsImports = 13
	EndGlobalSection
	GlobalSection(SolutionConfigurationPlatforms) = preSolution
		Ad-Hoc|Any CPU = Ad-Hoc|Any CPU
		Ad-Hoc|ARM = Ad-Hoc|ARM
		Ad-Hoc|iPhone = Ad-Hoc|iPhone
		Ad-Hoc|iPhoneSimulator = Ad-Hoc|iPhoneSimulator
		Ad-Hoc|x64 = Ad-Hoc|x64
		Ad-Hoc|x86 = Ad-Hoc|x86
		AppStore|Any CPU = AppStore|Any CPU
		AppStore|ARM = AppStore|ARM
		AppStore|iPhone = AppStore|iPhone
		AppStore|iPhoneSimulator = AppStore|iPhoneSimulator
		AppStore|x64 = AppStore|x64
		AppStore|x86 = AppStore|x86
		Debug|Any CPU = Debug|Any CPU
		Debug|ARM = Debug|ARM
		Debug|iPhone = Debug|iPhone
		Debug|iPhoneSimulator = Debug|iPhoneSimulator
		Debug|x64 = Debug|x64
		Debug|x86 = Debug|x86
		Release|Any CPU = Release|Any CPU
		Release|ARM = Release|ARM
		Release|iPhone = Release|iPhone
		Release|iPhoneSimulator = Release|iPhoneSimulator
		Release|x64 = Release|x64
		Release|x86 = Release|x86
	EndGlobalSection
	GlobalSection(ProjectConfigurationPlatforms) = postSolution
		{293C0556-ABEF-408E-B955-7773FBB7E2E0}.Ad-Hoc|Any CPU.ActiveCfg = Release|Any CPU
		{293C0556-ABEF-408E-B955-7773FBB7E2E0}.Ad-Hoc|Any CPU.Build.0 = Release|Any CPU
		{293C0556-ABEF-408E-B955-7773FBB7E2E0}.Ad-Hoc|Any CPU.Deploy.0 = Release|Any CPU
		{293C0556-ABEF-408E-B955-7773FBB7E2E0}.Ad-Hoc|ARM.ActiveCfg = Release|Any CPU
		{293C0556-ABEF-408E-B955-7773FBB7E2E0}.Ad-Hoc|ARM.Build.0 = Release|Any CPU
		{293C0556-ABEF-408E-B955-7773FBB7E2E0}.Ad-Hoc|ARM.Deploy.0 = Release|Any CPU
		{293C0556-ABEF-408E-B955-7773FBB7E2E0}.Ad-Hoc|iPhone.ActiveCfg = Release|Any CPU
		{293C0556-ABEF-408E-B955-7773FBB7E2E0}.Ad-Hoc|iPhone.Build.0 = Release|Any CPU
		{293C0556-ABEF-408E-B955-7773FBB7E2E0}.Ad-Hoc|iPhone.Deploy.0 = Release|Any CPU
		{293C0556-ABEF-408E-B955-7773FBB7E2E0}.Ad-Hoc|iPhoneSimulator.ActiveCfg = Release|Any CPU
		{293C0556-ABEF-408E-B955-7773FBB7E2E0}.Ad-Hoc|iPhoneSimulator.Build.0 = Release|Any CPU
		{293C0556-ABEF-408E-B955-7773FBB7E2E0}.Ad-Hoc|iPhoneSimulator.Deploy.0 = Release|Any CPU
		{293C0556-ABEF-408E-B955-7773FBB7E2E0}.Ad-Hoc|x64.ActiveCfg = Release|Any CPU
		{293C0556-ABEF-408E-B955-7773FBB7E2E0}.Ad-Hoc|x64.Build.0 = Release|Any CPU
		{293C0556-ABEF-408E-B955-7773FBB7E2E0}.Ad-Hoc|x64.Deploy.0 = Release|Any CPU
		{293C0556-ABEF-408E-B955-7773FBB7E2E0}.Ad-Hoc|x86.ActiveCfg = Release|Any CPU
		{293C0556-ABEF-408E-B955-7773FBB7E2E0}.Ad-Hoc|x86.Build.0 = Release|Any CPU
		{293C0556-ABEF-408E-B955-7773FBB7E2E0}.Ad-Hoc|x86.Deploy.0 = Release|Any CPU
		{293C0556-ABEF-408E-B955-7773FBB7E2E0}.AppStore|Any CPU.ActiveCfg = Release|Any CPU
		{293C0556-ABEF-408E-B955-7773FBB7E2E0}.AppStore|Any CPU.Build.0 = Release|Any CPU
		{293C0556-ABEF-408E-B955-7773FBB7E2E0}.AppStore|Any CPU.Deploy.0 = Release|Any CPU
		{293C0556-ABEF-408E-B955-7773FBB7E2E0}.AppStore|ARM.ActiveCfg = Release|Any CPU
		{293C0556-ABEF-408E-B955-7773FBB7E2E0}.AppStore|ARM.Build.0 = Release|Any CPU
		{293C0556-ABEF-408E-B955-7773FBB7E2E0}.AppStore|ARM.Deploy.0 = Release|Any CPU
		{293C0556-ABEF-408E-B955-7773FBB7E2E0}.AppStore|iPhone.ActiveCfg = Release|Any CPU
		{293C0556-ABEF-408E-B955-7773FBB7E2E0}.AppStore|iPhone.Build.0 = Release|Any CPU
		{293C0556-ABEF-408E-B955-7773FBB7E2E0}.AppStore|iPhone.Deploy.0 = Release|Any CPU
		{293C0556-ABEF-408E-B955-7773FBB7E2E0}.AppStore|iPhoneSimulator.ActiveCfg = Release|Any CPU
		{293C0556-ABEF-408E-B955-7773FBB7E2E0}.AppStore|iPhoneSimulator.Build.0 = Release|Any CPU
		{293C0556-ABEF-408E-B955-7773FBB7E2E0}.AppStore|iPhoneSimulator.Deploy.0 = Release|Any CPU
		{293C0556-ABEF-408E-B955-7773FBB7E2E0}.AppStore|x64.ActiveCfg = Release|Any CPU
		{293C0556-ABEF-408E-B955-7773FBB7E2E0}.AppStore|x64.Build.0 = Release|Any CPU
		{293C0556-ABEF-408E-B955-7773FBB7E2E0}.AppStore|x64.Deploy.0 = Release|Any CPU
		{293C0556-ABEF-408E-B955-7773FBB7E2E0}.AppStore|x86.ActiveCfg = Release|Any CPU
		{293C0556-ABEF-408E-B955-7773FBB7E2E0}.AppStore|x86.Build.0 = Release|Any CPU
		{293C0556-ABEF-408E-B955-7773FBB7E2E0}.AppStore|x86.Deploy.0 = Release|Any CPU
		{293C0556-ABEF-408E-B955-7773FBB7E2E0}.Debug|Any CPU.ActiveCfg = Debug|Any CPU
		{293C0556-ABEF-408E-B955-7773FBB7E2E0}.Debug|Any CPU.Build.0 = Debug|Any CPU
		{293C0556-ABEF-408E-B955-7773FBB7E2E0}.Debug|Any CPU.Deploy.0 = Debug|Any CPU
		{293C0556-ABEF-408E-B955-7773FBB7E2E0}.Debug|ARM.ActiveCfg = Debug|Any CPU
		{293C0556-ABEF-408E-B955-7773FBB7E2E0}.Debug|ARM.Build.0 = Debug|Any CPU
		{293C0556-ABEF-408E-B955-7773FBB7E2E0}.Debug|ARM.Deploy.0 = Debug|Any CPU
		{293C0556-ABEF-408E-B955-7773FBB7E2E0}.Debug|iPhone.ActiveCfg = Debug|Any CPU
		{293C0556-ABEF-408E-B955-7773FBB7E2E0}.Debug|iPhone.Build.0 = Debug|Any CPU
		{293C0556-ABEF-408E-B955-7773FBB7E2E0}.Debug|iPhone.Deploy.0 = Debug|Any CPU
		{293C0556-ABEF-408E-B955-7773FBB7E2E0}.Debug|iPhoneSimulator.ActiveCfg = Debug|Any CPU
		{293C0556-ABEF-408E-B955-7773FBB7E2E0}.Debug|iPhoneSimulator.Build.0 = Debug|Any CPU
		{293C0556-ABEF-408E-B955-7773FBB7E2E0}.Debug|iPhoneSimulator.Deploy.0 = Debug|Any CPU
		{293C0556-ABEF-408E-B955-7773FBB7E2E0}.Debug|x64.ActiveCfg = Debug|Any CPU
		{293C0556-ABEF-408E-B955-7773FBB7E2E0}.Debug|x64.Build.0 = Debug|Any CPU
		{293C0556-ABEF-408E-B955-7773FBB7E2E0}.Debug|x64.Deploy.0 = Debug|Any CPU
		{293C0556-ABEF-408E-B955-7773FBB7E2E0}.Debug|x86.ActiveCfg = Debug|Any CPU
		{293C0556-ABEF-408E-B955-7773FBB7E2E0}.Debug|x86.Build.0 = Debug|Any CPU
		{293C0556-ABEF-408E-B955-7773FBB7E2E0}.Debug|x86.Deploy.0 = Debug|Any CPU
		{293C0556-ABEF-408E-B955-7773FBB7E2E0}.Release|Any CPU.ActiveCfg = Release|Any CPU
		{293C0556-ABEF-408E-B955-7773FBB7E2E0}.Release|Any CPU.Build.0 = Release|Any CPU
		{293C0556-ABEF-408E-B955-7773FBB7E2E0}.Release|Any CPU.Deploy.0 = Release|Any CPU
		{293C0556-ABEF-408E-B955-7773FBB7E2E0}.Release|ARM.ActiveCfg = Release|Any CPU
		{293C0556-ABEF-408E-B955-7773FBB7E2E0}.Release|ARM.Build.0 = Release|Any CPU
		{293C0556-ABEF-408E-B955-7773FBB7E2E0}.Release|ARM.Deploy.0 = Release|Any CPU
		{293C0556-ABEF-408E-B955-7773FBB7E2E0}.Release|iPhone.ActiveCfg = Release|Any CPU
		{293C0556-ABEF-408E-B955-7773FBB7E2E0}.Release|iPhone.Build.0 = Release|Any CPU
		{293C0556-ABEF-408E-B955-7773FBB7E2E0}.Release|iPhone.Deploy.0 = Release|Any CPU
		{293C0556-ABEF-408E-B955-7773FBB7E2E0}.Release|iPhoneSimulator.ActiveCfg = Release|Any CPU
		{293C0556-ABEF-408E-B955-7773FBB7E2E0}.Release|iPhoneSimulator.Build.0 = Release|Any CPU
		{293C0556-ABEF-408E-B955-7773FBB7E2E0}.Release|iPhoneSimulator.Deploy.0 = Release|Any CPU
		{293C0556-ABEF-408E-B955-7773FBB7E2E0}.Release|x64.ActiveCfg = Release|Any CPU
		{293C0556-ABEF-408E-B955-7773FBB7E2E0}.Release|x64.Build.0 = Release|Any CPU
		{293C0556-ABEF-408E-B955-7773FBB7E2E0}.Release|x64.Deploy.0 = Release|Any CPU
		{293C0556-ABEF-408E-B955-7773FBB7E2E0}.Release|x86.ActiveCfg = Release|Any CPU
		{293C0556-ABEF-408E-B955-7773FBB7E2E0}.Release|x86.Build.0 = Release|Any CPU
		{293C0556-ABEF-408E-B955-7773FBB7E2E0}.Release|x86.Deploy.0 = Release|Any CPU
		{74453DB9-A12C-40DB-87DB-F0F09F283A97}.Ad-Hoc|Any CPU.ActiveCfg = Release|x86
		{74453DB9-A12C-40DB-87DB-F0F09F283A97}.Ad-Hoc|Any CPU.Build.0 = Release|x86
		{74453DB9-A12C-40DB-87DB-F0F09F283A97}.Ad-Hoc|Any CPU.Deploy.0 = Release|x86
		{74453DB9-A12C-40DB-87DB-F0F09F283A97}.Ad-Hoc|ARM.ActiveCfg = Release|ARM
		{74453DB9-A12C-40DB-87DB-F0F09F283A97}.Ad-Hoc|ARM.Build.0 = Release|ARM
		{74453DB9-A12C-40DB-87DB-F0F09F283A97}.Ad-Hoc|ARM.Deploy.0 = Release|ARM
		{74453DB9-A12C-40DB-87DB-F0F09F283A97}.Ad-Hoc|iPhone.ActiveCfg = Release|x86
		{74453DB9-A12C-40DB-87DB-F0F09F283A97}.Ad-Hoc|iPhone.Build.0 = Release|x86
		{74453DB9-A12C-40DB-87DB-F0F09F283A97}.Ad-Hoc|iPhone.Deploy.0 = Release|x86
		{74453DB9-A12C-40DB-87DB-F0F09F283A97}.Ad-Hoc|iPhoneSimulator.ActiveCfg = Release|x86
		{74453DB9-A12C-40DB-87DB-F0F09F283A97}.Ad-Hoc|iPhoneSimulator.Build.0 = Release|x86
		{74453DB9-A12C-40DB-87DB-F0F09F283A97}.Ad-Hoc|iPhoneSimulator.Deploy.0 = Release|x86
		{74453DB9-A12C-40DB-87DB-F0F09F283A97}.Ad-Hoc|x64.ActiveCfg = Release|x64
		{74453DB9-A12C-40DB-87DB-F0F09F283A97}.Ad-Hoc|x64.Build.0 = Release|x64
		{74453DB9-A12C-40DB-87DB-F0F09F283A97}.Ad-Hoc|x64.Deploy.0 = Release|x64
		{74453DB9-A12C-40DB-87DB-F0F09F283A97}.Ad-Hoc|x86.ActiveCfg = Release|x86
		{74453DB9-A12C-40DB-87DB-F0F09F283A97}.Ad-Hoc|x86.Build.0 = Release|x86
		{74453DB9-A12C-40DB-87DB-F0F09F283A97}.Ad-Hoc|x86.Deploy.0 = Release|x86
		{74453DB9-A12C-40DB-87DB-F0F09F283A97}.AppStore|Any CPU.ActiveCfg = Release|x86
		{74453DB9-A12C-40DB-87DB-F0F09F283A97}.AppStore|Any CPU.Build.0 = Release|x86
		{74453DB9-A12C-40DB-87DB-F0F09F283A97}.AppStore|Any CPU.Deploy.0 = Release|x86
		{74453DB9-A12C-40DB-87DB-F0F09F283A97}.AppStore|ARM.ActiveCfg = Release|ARM
		{74453DB9-A12C-40DB-87DB-F0F09F283A97}.AppStore|ARM.Build.0 = Release|ARM
		{74453DB9-A12C-40DB-87DB-F0F09F283A97}.AppStore|ARM.Deploy.0 = Release|ARM
		{74453DB9-A12C-40DB-87DB-F0F09F283A97}.AppStore|iPhone.ActiveCfg = Release|x86
		{74453DB9-A12C-40DB-87DB-F0F09F283A97}.AppStore|iPhone.Build.0 = Release|x86
		{74453DB9-A12C-40DB-87DB-F0F09F283A97}.AppStore|iPhone.Deploy.0 = Release|x86
		{74453DB9-A12C-40DB-87DB-F0F09F283A97}.AppStore|iPhoneSimulator.ActiveCfg = Release|x86
		{74453DB9-A12C-40DB-87DB-F0F09F283A97}.AppStore|iPhoneSimulator.Build.0 = Release|x86
		{74453DB9-A12C-40DB-87DB-F0F09F283A97}.AppStore|iPhoneSimulator.Deploy.0 = Release|x86
		{74453DB9-A12C-40DB-87DB-F0F09F283A97}.AppStore|x64.ActiveCfg = Release|x64
		{74453DB9-A12C-40DB-87DB-F0F09F283A97}.AppStore|x64.Build.0 = Release|x64
		{74453DB9-A12C-40DB-87DB-F0F09F283A97}.AppStore|x64.Deploy.0 = Release|x64
		{74453DB9-A12C-40DB-87DB-F0F09F283A97}.AppStore|x86.ActiveCfg = Release|x86
		{74453DB9-A12C-40DB-87DB-F0F09F283A97}.AppStore|x86.Build.0 = Release|x86
		{74453DB9-A12C-40DB-87DB-F0F09F283A97}.AppStore|x86.Deploy.0 = Release|x86
		{74453DB9-A12C-40DB-87DB-F0F09F283A97}.Debug|Any CPU.ActiveCfg = Debug|x86
		{74453DB9-A12C-40DB-87DB-F0F09F283A97}.Debug|ARM.ActiveCfg = Debug|ARM
		{74453DB9-A12C-40DB-87DB-F0F09F283A97}.Debug|ARM.Build.0 = Debug|ARM
		{74453DB9-A12C-40DB-87DB-F0F09F283A97}.Debug|ARM.Deploy.0 = Debug|ARM
		{74453DB9-A12C-40DB-87DB-F0F09F283A97}.Debug|iPhone.ActiveCfg = Debug|x86
		{74453DB9-A12C-40DB-87DB-F0F09F283A97}.Debug|iPhoneSimulator.ActiveCfg = Debug|x86
		{74453DB9-A12C-40DB-87DB-F0F09F283A97}.Debug|x64.ActiveCfg = Debug|x64
		{74453DB9-A12C-40DB-87DB-F0F09F283A97}.Debug|x64.Build.0 = Debug|x64
		{74453DB9-A12C-40DB-87DB-F0F09F283A97}.Debug|x64.Deploy.0 = Debug|x64
		{74453DB9-A12C-40DB-87DB-F0F09F283A97}.Debug|x86.ActiveCfg = Debug|x86
		{74453DB9-A12C-40DB-87DB-F0F09F283A97}.Debug|x86.Build.0 = Debug|x86
		{74453DB9-A12C-40DB-87DB-F0F09F283A97}.Debug|x86.Deploy.0 = Debug|x86
		{74453DB9-A12C-40DB-87DB-F0F09F283A97}.Release|Any CPU.ActiveCfg = Release|x86
		{74453DB9-A12C-40DB-87DB-F0F09F283A97}.Release|ARM.ActiveCfg = Release|ARM
		{74453DB9-A12C-40DB-87DB-F0F09F283A97}.Release|ARM.Build.0 = Release|ARM
		{74453DB9-A12C-40DB-87DB-F0F09F283A97}.Release|ARM.Deploy.0 = Release|ARM
		{74453DB9-A12C-40DB-87DB-F0F09F283A97}.Release|iPhone.ActiveCfg = Release|x86
		{74453DB9-A12C-40DB-87DB-F0F09F283A97}.Release|iPhoneSimulator.ActiveCfg = Release|x86
		{74453DB9-A12C-40DB-87DB-F0F09F283A97}.Release|x64.ActiveCfg = Release|x64
		{74453DB9-A12C-40DB-87DB-F0F09F283A97}.Release|x64.Build.0 = Release|x64
		{74453DB9-A12C-40DB-87DB-F0F09F283A97}.Release|x64.Deploy.0 = Release|x64
		{74453DB9-A12C-40DB-87DB-F0F09F283A97}.Release|x86.ActiveCfg = Release|x86
		{74453DB9-A12C-40DB-87DB-F0F09F283A97}.Release|x86.Build.0 = Release|x86
		{74453DB9-A12C-40DB-87DB-F0F09F283A97}.Release|x86.Deploy.0 = Release|x86
		{CB14F5DC-561D-4253-908F-53BCB00EA2C6}.Ad-Hoc|Any CPU.ActiveCfg = Release|Any CPU
		{CB14F5DC-561D-4253-908F-53BCB00EA2C6}.Ad-Hoc|Any CPU.Build.0 = Release|Any CPU
		{CB14F5DC-561D-4253-908F-53BCB00EA2C6}.Ad-Hoc|Any CPU.Deploy.0 = Release|Any CPU
		{CB14F5DC-561D-4253-908F-53BCB00EA2C6}.Ad-Hoc|ARM.ActiveCfg = Release|Any CPU
		{CB14F5DC-561D-4253-908F-53BCB00EA2C6}.Ad-Hoc|ARM.Build.0 = Release|Any CPU
		{CB14F5DC-561D-4253-908F-53BCB00EA2C6}.Ad-Hoc|ARM.Deploy.0 = Release|Any CPU
		{CB14F5DC-561D-4253-908F-53BCB00EA2C6}.Ad-Hoc|iPhone.ActiveCfg = Release|Any CPU
		{CB14F5DC-561D-4253-908F-53BCB00EA2C6}.Ad-Hoc|iPhone.Build.0 = Release|Any CPU
		{CB14F5DC-561D-4253-908F-53BCB00EA2C6}.Ad-Hoc|iPhone.Deploy.0 = Release|Any CPU
		{CB14F5DC-561D-4253-908F-53BCB00EA2C6}.Ad-Hoc|iPhoneSimulator.ActiveCfg = Release|Any CPU
		{CB14F5DC-561D-4253-908F-53BCB00EA2C6}.Ad-Hoc|iPhoneSimulator.Build.0 = Release|Any CPU
		{CB14F5DC-561D-4253-908F-53BCB00EA2C6}.Ad-Hoc|iPhoneSimulator.Deploy.0 = Release|Any CPU
		{CB14F5DC-561D-4253-908F-53BCB00EA2C6}.Ad-Hoc|x64.ActiveCfg = Release|Any CPU
		{CB14F5DC-561D-4253-908F-53BCB00EA2C6}.Ad-Hoc|x64.Build.0 = Release|Any CPU
		{CB14F5DC-561D-4253-908F-53BCB00EA2C6}.Ad-Hoc|x64.Deploy.0 = Release|Any CPU
		{CB14F5DC-561D-4253-908F-53BCB00EA2C6}.Ad-Hoc|x86.ActiveCfg = Release|Any CPU
		{CB14F5DC-561D-4253-908F-53BCB00EA2C6}.Ad-Hoc|x86.Build.0 = Release|Any CPU
		{CB14F5DC-561D-4253-908F-53BCB00EA2C6}.Ad-Hoc|x86.Deploy.0 = Release|Any CPU
		{CB14F5DC-561D-4253-908F-53BCB00EA2C6}.AppStore|Any CPU.ActiveCfg = Release|Any CPU
		{CB14F5DC-561D-4253-908F-53BCB00EA2C6}.AppStore|Any CPU.Build.0 = Release|Any CPU
		{CB14F5DC-561D-4253-908F-53BCB00EA2C6}.AppStore|Any CPU.Deploy.0 = Release|Any CPU
		{CB14F5DC-561D-4253-908F-53BCB00EA2C6}.AppStore|ARM.ActiveCfg = Release|Any CPU
		{CB14F5DC-561D-4253-908F-53BCB00EA2C6}.AppStore|ARM.Build.0 = Release|Any CPU
		{CB14F5DC-561D-4253-908F-53BCB00EA2C6}.AppStore|ARM.Deploy.0 = Release|Any CPU
		{CB14F5DC-561D-4253-908F-53BCB00EA2C6}.AppStore|iPhone.ActiveCfg = Release|Any CPU
		{CB14F5DC-561D-4253-908F-53BCB00EA2C6}.AppStore|iPhone.Build.0 = Release|Any CPU
		{CB14F5DC-561D-4253-908F-53BCB00EA2C6}.AppStore|iPhone.Deploy.0 = Release|Any CPU
		{CB14F5DC-561D-4253-908F-53BCB00EA2C6}.AppStore|iPhoneSimulator.ActiveCfg = Release|Any CPU
		{CB14F5DC-561D-4253-908F-53BCB00EA2C6}.AppStore|iPhoneSimulator.Build.0 = Release|Any CPU
		{CB14F5DC-561D-4253-908F-53BCB00EA2C6}.AppStore|iPhoneSimulator.Deploy.0 = Release|Any CPU
		{CB14F5DC-561D-4253-908F-53BCB00EA2C6}.AppStore|x64.ActiveCfg = Release|Any CPU
		{CB14F5DC-561D-4253-908F-53BCB00EA2C6}.AppStore|x64.Build.0 = Release|Any CPU
		{CB14F5DC-561D-4253-908F-53BCB00EA2C6}.AppStore|x64.Deploy.0 = Release|Any CPU
		{CB14F5DC-561D-4253-908F-53BCB00EA2C6}.AppStore|x86.ActiveCfg = Release|Any CPU
		{CB14F5DC-561D-4253-908F-53BCB00EA2C6}.AppStore|x86.Build.0 = Release|Any CPU
		{CB14F5DC-561D-4253-908F-53BCB00EA2C6}.AppStore|x86.Deploy.0 = Release|Any CPU
		{CB14F5DC-561D-4253-908F-53BCB00EA2C6}.Debug|Any CPU.ActiveCfg = Debug|Any CPU
		{CB14F5DC-561D-4253-908F-53BCB00EA2C6}.Debug|Any CPU.Build.0 = Debug|Any CPU
		{CB14F5DC-561D-4253-908F-53BCB00EA2C6}.Debug|Any CPU.Deploy.0 = Debug|Any CPU
		{CB14F5DC-561D-4253-908F-53BCB00EA2C6}.Debug|ARM.ActiveCfg = Debug|Any CPU
		{CB14F5DC-561D-4253-908F-53BCB00EA2C6}.Debug|ARM.Build.0 = Debug|Any CPU
		{CB14F5DC-561D-4253-908F-53BCB00EA2C6}.Debug|ARM.Deploy.0 = Debug|Any CPU
		{CB14F5DC-561D-4253-908F-53BCB00EA2C6}.Debug|iPhone.ActiveCfg = Debug|Any CPU
		{CB14F5DC-561D-4253-908F-53BCB00EA2C6}.Debug|iPhone.Build.0 = Debug|Any CPU
		{CB14F5DC-561D-4253-908F-53BCB00EA2C6}.Debug|iPhone.Deploy.0 = Debug|Any CPU
		{CB14F5DC-561D-4253-908F-53BCB00EA2C6}.Debug|iPhoneSimulator.ActiveCfg = Debug|Any CPU
		{CB14F5DC-561D-4253-908F-53BCB00EA2C6}.Debug|iPhoneSimulator.Build.0 = Debug|Any CPU
		{CB14F5DC-561D-4253-908F-53BCB00EA2C6}.Debug|iPhoneSimulator.Deploy.0 = Debug|Any CPU
		{CB14F5DC-561D-4253-908F-53BCB00EA2C6}.Debug|x64.ActiveCfg = Debug|Any CPU
		{CB14F5DC-561D-4253-908F-53BCB00EA2C6}.Debug|x64.Build.0 = Debug|Any CPU
		{CB14F5DC-561D-4253-908F-53BCB00EA2C6}.Debug|x64.Deploy.0 = Debug|Any CPU
		{CB14F5DC-561D-4253-908F-53BCB00EA2C6}.Debug|x86.ActiveCfg = Debug|Any CPU
		{CB14F5DC-561D-4253-908F-53BCB00EA2C6}.Debug|x86.Build.0 = Debug|Any CPU
		{CB14F5DC-561D-4253-908F-53BCB00EA2C6}.Debug|x86.Deploy.0 = Debug|Any CPU
		{CB14F5DC-561D-4253-908F-53BCB00EA2C6}.Release|Any CPU.ActiveCfg = Release|Any CPU
		{CB14F5DC-561D-4253-908F-53BCB00EA2C6}.Release|Any CPU.Build.0 = Release|Any CPU
		{CB14F5DC-561D-4253-908F-53BCB00EA2C6}.Release|Any CPU.Deploy.0 = Release|Any CPU
		{CB14F5DC-561D-4253-908F-53BCB00EA2C6}.Release|ARM.ActiveCfg = Release|Any CPU
		{CB14F5DC-561D-4253-908F-53BCB00EA2C6}.Release|ARM.Build.0 = Release|Any CPU
		{CB14F5DC-561D-4253-908F-53BCB00EA2C6}.Release|ARM.Deploy.0 = Release|Any CPU
		{CB14F5DC-561D-4253-908F-53BCB00EA2C6}.Release|iPhone.ActiveCfg = Release|Any CPU
		{CB14F5DC-561D-4253-908F-53BCB00EA2C6}.Release|iPhone.Build.0 = Release|Any CPU
		{CB14F5DC-561D-4253-908F-53BCB00EA2C6}.Release|iPhone.Deploy.0 = Release|Any CPU
		{CB14F5DC-561D-4253-908F-53BCB00EA2C6}.Release|iPhoneSimulator.ActiveCfg = Release|Any CPU
		{CB14F5DC-561D-4253-908F-53BCB00EA2C6}.Release|iPhoneSimulator.Build.0 = Release|Any CPU
		{CB14F5DC-561D-4253-908F-53BCB00EA2C6}.Release|iPhoneSimulator.Deploy.0 = Release|Any CPU
		{CB14F5DC-561D-4253-908F-53BCB00EA2C6}.Release|x64.ActiveCfg = Release|Any CPU
		{CB14F5DC-561D-4253-908F-53BCB00EA2C6}.Release|x64.Build.0 = Release|Any CPU
		{CB14F5DC-561D-4253-908F-53BCB00EA2C6}.Release|x64.Deploy.0 = Release|Any CPU
		{CB14F5DC-561D-4253-908F-53BCB00EA2C6}.Release|x86.ActiveCfg = Release|Any CPU
		{CB14F5DC-561D-4253-908F-53BCB00EA2C6}.Release|x86.Build.0 = Release|Any CPU
		{CB14F5DC-561D-4253-908F-53BCB00EA2C6}.Release|x86.Deploy.0 = Release|Any CPU
		{A1EF6FFA-5761-4EB9-8217-B18B0939E508}.Ad-Hoc|Any CPU.ActiveCfg = Release|x86
		{A1EF6FFA-5761-4EB9-8217-B18B0939E508}.Ad-Hoc|Any CPU.Build.0 = Release|x86
		{A1EF6FFA-5761-4EB9-8217-B18B0939E508}.Ad-Hoc|Any CPU.Deploy.0 = Release|x86
		{A1EF6FFA-5761-4EB9-8217-B18B0939E508}.Ad-Hoc|ARM.ActiveCfg = Release|ARM
		{A1EF6FFA-5761-4EB9-8217-B18B0939E508}.Ad-Hoc|ARM.Build.0 = Release|ARM
		{A1EF6FFA-5761-4EB9-8217-B18B0939E508}.Ad-Hoc|ARM.Deploy.0 = Release|ARM
		{A1EF6FFA-5761-4EB9-8217-B18B0939E508}.Ad-Hoc|iPhone.ActiveCfg = Release|x86
		{A1EF6FFA-5761-4EB9-8217-B18B0939E508}.Ad-Hoc|iPhone.Build.0 = Release|x86
		{A1EF6FFA-5761-4EB9-8217-B18B0939E508}.Ad-Hoc|iPhone.Deploy.0 = Release|x86
		{A1EF6FFA-5761-4EB9-8217-B18B0939E508}.Ad-Hoc|iPhoneSimulator.ActiveCfg = Release|x86
		{A1EF6FFA-5761-4EB9-8217-B18B0939E508}.Ad-Hoc|iPhoneSimulator.Build.0 = Release|x86
		{A1EF6FFA-5761-4EB9-8217-B18B0939E508}.Ad-Hoc|iPhoneSimulator.Deploy.0 = Release|x86
		{A1EF6FFA-5761-4EB9-8217-B18B0939E508}.Ad-Hoc|x64.ActiveCfg = Release|x64
		{A1EF6FFA-5761-4EB9-8217-B18B0939E508}.Ad-Hoc|x64.Build.0 = Release|x64
		{A1EF6FFA-5761-4EB9-8217-B18B0939E508}.Ad-Hoc|x64.Deploy.0 = Release|x64
		{A1EF6FFA-5761-4EB9-8217-B18B0939E508}.Ad-Hoc|x86.ActiveCfg = Release|x86
		{A1EF6FFA-5761-4EB9-8217-B18B0939E508}.Ad-Hoc|x86.Build.0 = Release|x86
		{A1EF6FFA-5761-4EB9-8217-B18B0939E508}.Ad-Hoc|x86.Deploy.0 = Release|x86
		{A1EF6FFA-5761-4EB9-8217-B18B0939E508}.AppStore|Any CPU.ActiveCfg = Release|x86
		{A1EF6FFA-5761-4EB9-8217-B18B0939E508}.AppStore|Any CPU.Build.0 = Release|x86
		{A1EF6FFA-5761-4EB9-8217-B18B0939E508}.AppStore|Any CPU.Deploy.0 = Release|x86
		{A1EF6FFA-5761-4EB9-8217-B18B0939E508}.AppStore|ARM.ActiveCfg = Release|ARM
		{A1EF6FFA-5761-4EB9-8217-B18B0939E508}.AppStore|ARM.Build.0 = Release|ARM
		{A1EF6FFA-5761-4EB9-8217-B18B0939E508}.AppStore|ARM.Deploy.0 = Release|ARM
		{A1EF6FFA-5761-4EB9-8217-B18B0939E508}.AppStore|iPhone.ActiveCfg = Release|x86
		{A1EF6FFA-5761-4EB9-8217-B18B0939E508}.AppStore|iPhone.Build.0 = Release|x86
		{A1EF6FFA-5761-4EB9-8217-B18B0939E508}.AppStore|iPhone.Deploy.0 = Release|x86
		{A1EF6FFA-5761-4EB9-8217-B18B0939E508}.AppStore|iPhoneSimulator.ActiveCfg = Release|x86
		{A1EF6FFA-5761-4EB9-8217-B18B0939E508}.AppStore|iPhoneSimulator.Build.0 = Release|x86
		{A1EF6FFA-5761-4EB9-8217-B18B0939E508}.AppStore|iPhoneSimulator.Deploy.0 = Release|x86
		{A1EF6FFA-5761-4EB9-8217-B18B0939E508}.AppStore|x64.ActiveCfg = Release|x64
		{A1EF6FFA-5761-4EB9-8217-B18B0939E508}.AppStore|x64.Build.0 = Release|x64
		{A1EF6FFA-5761-4EB9-8217-B18B0939E508}.AppStore|x64.Deploy.0 = Release|x64
		{A1EF6FFA-5761-4EB9-8217-B18B0939E508}.AppStore|x86.ActiveCfg = Release|x86
		{A1EF6FFA-5761-4EB9-8217-B18B0939E508}.AppStore|x86.Build.0 = Release|x86
		{A1EF6FFA-5761-4EB9-8217-B18B0939E508}.AppStore|x86.Deploy.0 = Release|x86
		{A1EF6FFA-5761-4EB9-8217-B18B0939E508}.Debug|Any CPU.ActiveCfg = Debug|x86
		{A1EF6FFA-5761-4EB9-8217-B18B0939E508}.Debug|ARM.ActiveCfg = Debug|ARM
		{A1EF6FFA-5761-4EB9-8217-B18B0939E508}.Debug|ARM.Build.0 = Debug|ARM
		{A1EF6FFA-5761-4EB9-8217-B18B0939E508}.Debug|ARM.Deploy.0 = Debug|ARM
		{A1EF6FFA-5761-4EB9-8217-B18B0939E508}.Debug|iPhone.ActiveCfg = Debug|x86
		{A1EF6FFA-5761-4EB9-8217-B18B0939E508}.Debug|iPhoneSimulator.ActiveCfg = Debug|x86
		{A1EF6FFA-5761-4EB9-8217-B18B0939E508}.Debug|x64.ActiveCfg = Debug|x64
		{A1EF6FFA-5761-4EB9-8217-B18B0939E508}.Debug|x64.Build.0 = Debug|x64
		{A1EF6FFA-5761-4EB9-8217-B18B0939E508}.Debug|x64.Deploy.0 = Debug|x64
		{A1EF6FFA-5761-4EB9-8217-B18B0939E508}.Debug|x86.ActiveCfg = Debug|x86
		{A1EF6FFA-5761-4EB9-8217-B18B0939E508}.Debug|x86.Build.0 = Debug|x86
		{A1EF6FFA-5761-4EB9-8217-B18B0939E508}.Debug|x86.Deploy.0 = Debug|x86
		{A1EF6FFA-5761-4EB9-8217-B18B0939E508}.Release|Any CPU.ActiveCfg = Release|x86
		{A1EF6FFA-5761-4EB9-8217-B18B0939E508}.Release|ARM.ActiveCfg = Release|ARM
		{A1EF6FFA-5761-4EB9-8217-B18B0939E508}.Release|ARM.Build.0 = Release|ARM
		{A1EF6FFA-5761-4EB9-8217-B18B0939E508}.Release|ARM.Deploy.0 = Release|ARM
		{A1EF6FFA-5761-4EB9-8217-B18B0939E508}.Release|iPhone.ActiveCfg = Release|x86
		{A1EF6FFA-5761-4EB9-8217-B18B0939E508}.Release|iPhoneSimulator.ActiveCfg = Release|x86
		{A1EF6FFA-5761-4EB9-8217-B18B0939E508}.Release|x64.ActiveCfg = Release|x64
		{A1EF6FFA-5761-4EB9-8217-B18B0939E508}.Release|x64.Build.0 = Release|x64
		{A1EF6FFA-5761-4EB9-8217-B18B0939E508}.Release|x64.Deploy.0 = Release|x64
		{A1EF6FFA-5761-4EB9-8217-B18B0939E508}.Release|x86.ActiveCfg = Release|x86
		{A1EF6FFA-5761-4EB9-8217-B18B0939E508}.Release|x86.Build.0 = Release|x86
		{A1EF6FFA-5761-4EB9-8217-B18B0939E508}.Release|x86.Deploy.0 = Release|x86
	EndGlobalSection
	GlobalSection(SolutionProperties) = preSolution
		HideSolutionNode = FALSE
	EndGlobalSection
	GlobalSection(NestedProjects) = preSolution
		{94DDAB77-21AC-4F35-AEB8-405960BFA89A} = {44F4030A-94DD-48F9-9474-4516FF20FB52}
		{293C0556-ABEF-408E-B955-7773FBB7E2E0} = {44F4030A-94DD-48F9-9474-4516FF20FB52}
		{74453DB9-A12C-40DB-87DB-F0F09F283A97} = {44F4030A-94DD-48F9-9474-4516FF20FB52}
		{EC2E13B7-0330-4BBD-9EC5-BC23DE2C1174} = {FFDABB38-B602-4234-A6CA-9C1A6F7A4B69}
		{CB14F5DC-561D-4253-908F-53BCB00EA2C6} = {FFDABB38-B602-4234-A6CA-9C1A6F7A4B69}
		{A1EF6FFA-5761-4EB9-8217-B18B0939E508} = {FFDABB38-B602-4234-A6CA-9C1A6F7A4B69}
	EndGlobalSection
EndGlobal
